
Microsoft Visual Studio Solution File, Format Version 12.00
# Visual Studio Version 17
VisualStudioVersion = 17.10.35013.160
MinimumVisualStudioVersion = 10.0.40219.1
Project("{FAE04EC0-301F-11D3-BF4B-00C04F79EFBC}") = "SKbooksAPI", "SKbooks\SKbooksAPI.csproj", "{EA99EA82-11CF-4DAC-B898-DCF0C70EE1F2}"
EndProject
Global
	GlobalSection(SolutionConfigurationPlatforms) = preSolution
		Debug|Any CPU = Debug|Any CPU
		Release|Any CPU = Release|Any CPU
	EndGlobalSection
	GlobalSection(ProjectConfigurationPlatforms) = postSolution
		{EA99EA82-11CF-4DAC-B898-DCF0C70EE1F2}.Debug|Any CPU.ActiveCfg = Debug|Any CPU
		{EA99EA82-11CF-4DAC-B898-DCF0C70EE1F2}.Debug|Any CPU.Build.0 = Debug|Any CPU
		{EA99EA82-11CF-4DAC-B898-DCF0C70EE1F2}.Release|Any CPU.ActiveCfg = Release|Any CPU
		{EA99EA82-11CF-4DAC-B898-DCF0C70EE1F2}.Release|Any CPU.Build.0 = Release|Any CPU
	EndGlobalSection
	GlobalSection(SolutionProperties) = preSolution
		HideSolutionNode = FALSE
	EndGlobalSection
	GlobalSection(ExtensibilityGlobals) = postSolution
		SolutionGuid = {4D0DEEC5-C12D-4E04-AE77-343B7D7ED6ED}
	EndGlobalSection
EndGlobal
